<?xml version="1.0" encoding="UTF-8"?>
<!DOCTYPE plist PUBLIC "-//Apple//DTD PLIST 1.0//EN" "http://www.apple.com/DTDs/PropertyList-1.0.dtd">
<plist version="1.0">
<dict>
	<key>archiveVersion</key>
	<string>1</string>
	<key>classes</key>
	<dict/>
	<key>objectVersion</key>
	<string>46</string>
	<key>objects</key>
	<dict>
		<key>0259C573FE90428111CA0C5A</key>
		<dict>
			<key>attributes</key>
			<dict>
				<key>LastUpgradeCheck</key>
				<string>0500</string>
			</dict>
			<key>buildConfigurationList</key>
			<string>C056398B08A954F8003078D8</string>
			<key>compatibilityVersion</key>
			<string>Xcode 3.2</string>
			<key>developmentRegion</key>
			<string>English</string>
			<key>hasScannedForEncodings</key>
			<string>1</string>
			<key>isa</key>
			<string>PBXProject</string>
			<key>knownRegions</key>
			<array>
				<string>English</string>
				<string>Japanese</string>
				<string>French</string>
				<string>German</string>
			</array>
			<key>mainGroup</key>
			<string>0259C574FE90428111CA0C5A</string>
			<key>projectDirPath</key>
			<string></string>
			<key>projectReferences</key>
			<array/>
			<key>projectRoot</key>
			<string></string>
			<key>targets</key>
			<array>
				<string>8BD439591185147D00DB4AC3</string>
			</array>
		</dict>
		<key>0259C574FE90428111CA0C5A</key>
		<dict>
			<key>children</key>
			<array>
				<string>8BD439551185146A00DB4AC3</string>
				<string>1ED78706FE9D4A0611CA0C5A</string>
				<string>2E58F364FFB232C311CA0CBA</string>
				<string>AB76F2CE738C2021D57293D5</string>
			</array>
			<key>isa</key>
			<string>PBXGroup</string>
			<key>name</key>
			<string>PSMTabBarControl</string>
			<key>sourceTree</key>
			<string>&lt;group&gt;</string>
		</dict>
		<key>13F8B6FD07B43410008AE28D</key>
		<dict>
			<key>children</key>
			<array>
				<string>DD92D38A0106425D02CA0E72</string>
				<string>C0D069550A49DF9100C95564</string>
			</array>
			<key>isa</key>
			<string>PBXGroup</string>
			<key>name</key>
			<string>Linked Frameworks</string>
			<key>sourceTree</key>
			<string>&lt;group&gt;</string>
		</dict>
		<key>13F8B70407B43425008AE28D</key>
		<dict>
			<key>children</key>
			<array>
				<string>13F8B88807B434F6008AE28D</string>
				<string>13F8B88907B434F6008AE28D</string>
				<string>13F8B88A07B434F6008AE28D</string>
			</array>
			<key>isa</key>
			<string>PBXGroup</string>
			<key>name</key>
			<string>Other Frameworks</string>
			<key>sourceTree</key>
			<string>&lt;group&gt;</string>
		</dict>
		<key>13F8B88807B434F6008AE28D</key>
		<dict>
			<key>isa</key>
			<string>PBXFileReference</string>
			<key>lastKnownFileType</key>
			<string>wrapper.framework</string>
			<key>name</key>
			<string>AppKit.framework</string>
			<key>path</key>
			<string>/System/Library/Frameworks/AppKit.framework</string>
			<key>sourceTree</key>
			<string>&lt;absolute&gt;</string>
		</dict>
		<key>13F8B88907B434F6008AE28D</key>
		<dict>
			<key>isa</key>
			<string>PBXFileReference</string>
			<key>lastKnownFileType</key>
			<string>wrapper.framework</string>
			<key>name</key>
			<string>CoreData.framework</string>
			<key>path</key>
			<string>/System/Library/Frameworks/CoreData.framework</string>
			<key>sourceTree</key>
			<string>&lt;absolute&gt;</string>
		</dict>
		<key>13F8B88A07B434F6008AE28D</key>
		<dict>
			<key>isa</key>
			<string>PBXFileReference</string>
			<key>lastKnownFileType</key>
			<string>wrapper.framework</string>
			<key>name</key>
			<string>Foundation.framework</string>
			<key>path</key>
			<string>/System/Library/Frameworks/Foundation.framework</string>
			<key>sourceTree</key>
			<string>&lt;absolute&gt;</string>
		</dict>
		<key>1ED78706FE9D4A0611CA0C5A</key>
		<dict>
			<key>children</key>
			<array>
				<string>8BD4395A1185147D00DB4AC3</string>
			</array>
			<key>isa</key>
			<string>PBXGroup</string>
			<key>name</key>
			<string>Products</string>
			<key>sourceTree</key>
			<string>&lt;group&gt;</string>
		</dict>
		<key>2E58F364FFB232C311CA0CBA</key>
		<dict>
			<key>children</key>
			<array>
				<string>13F8B6FD07B43410008AE28D</string>
				<string>13F8B70407B43425008AE28D</string>
				<string>3A4A80FA4849450FBEDD041B</string>
			</array>
			<key>isa</key>
			<string>PBXGroup</string>
			<key>name</key>
			<string>Frameworks</string>
			<key>sourceTree</key>
			<string>&lt;group&gt;</string>
		</dict>
		<key>3A4A80FA4849450FBEDD041B</key>
		<dict>
			<key>explicitFileType</key>
			<string>archive.ar</string>
			<key>includeInIndex</key>
			<string>0</string>
			<key>isa</key>
			<string>PBXFileReference</string>
			<key>path</key>
			<string>libPods-Demo.a</string>
			<key>sourceTree</key>
			<string>BUILT_PRODUCTS_DIR</string>
		</dict>
		<key>4235F99218731C8C00F7B45D</key>
		<dict>
			<key>fileEncoding</key>
			<string>4</string>
			<key>isa</key>
			<string>PBXFileReference</string>
			<key>lastKnownFileType</key>
			<string>file.xib</string>
			<key>path</key>
			<string>DemoWindow.xib</string>
			<key>sourceTree</key>
			<string>&lt;group&gt;</string>
		</dict>
		<key>4235F99318731C8C00F7B45D</key>
		<dict>
			<key>fileRef</key>
			<string>4235F99218731C8C00F7B45D</string>
			<key>isa</key>
			<string>PBXBuildFile</string>
		</dict>
		<key>4235F99418731CC000F7B45D</key>
		<dict>
			<key>fileEncoding</key>
			<string>4</string>
			<key>isa</key>
			<string>PBXFileReference</string>
			<key>lastKnownFileType</key>
			<string>file.xib</string>
			<key>path</key>
			<string>PSMTabBarControlDemo.xib</string>
			<key>sourceTree</key>
			<string>&lt;group&gt;</string>
		</dict>
		<key>4235F99518731CC000F7B45D</key>
		<dict>
			<key>fileRef</key>
			<string>4235F99418731CC000F7B45D</string>
			<key>isa</key>
			<string>PBXBuildFile</string>
		</dict>
		<key>428363BD18731A1800D2570F</key>
		<dict>
			<key>fileEncoding</key>
			<string>4</string>
			<key>isa</key>
			<string>PBXFileReference</string>
			<key>lastKnownFileType</key>
			<string>sourcecode.c.objc</string>
			<key>path</key>
			<string>demo_main.m</string>
			<key>sourceTree</key>
			<string>&lt;group&gt;</string>
		</dict>
		<key>428363BE18731A1800D2570F</key>
		<dict>
			<key>fileEncoding</key>
			<string>4</string>
			<key>isa</key>
			<string>PBXFileReference</string>
			<key>lastKnownFileType</key>
			<string>sourcecode.c.h</string>
			<key>path</key>
			<string>DemoAppController.h</string>
			<key>sourceTree</key>
			<string>&lt;group&gt;</string>
		</dict>
		<key>428363BF18731A1800D2570F</key>
		<dict>
			<key>fileEncoding</key>
			<string>4</string>
			<key>isa</key>
			<string>PBXFileReference</string>
			<key>lastKnownFileType</key>
			<string>sourcecode.c.objc</string>
			<key>path</key>
			<string>DemoAppController.m</string>
			<key>sourceTree</key>
			<string>&lt;group&gt;</string>
		</dict>
		<key>428363C018731A1800D2570F</key>
		<dict>
			<key>fileEncoding</key>
			<string>4</string>
			<key>isa</key>
			<string>PBXFileReference</string>
			<key>lastKnownFileType</key>
			<string>sourcecode.c.h</string>
			<key>path</key>
			<string>DemoFakeModel.h</string>
			<key>sourceTree</key>
			<string>&lt;group&gt;</string>
		</dict>
		<key>428363C118731A1800D2570F</key>
		<dict>
			<key>fileEncoding</key>
			<string>4</string>
			<key>isa</key>
			<string>PBXFileReference</string>
			<key>lastKnownFileType</key>
			<string>sourcecode.c.objc</string>
			<key>path</key>
			<string>DemoFakeModel.m</string>
			<key>sourceTree</key>
			<string>&lt;group&gt;</string>
		</dict>
		<key>428363C218731A1800D2570F</key>
		<dict>
			<key>fileEncoding</key>
			<string>4</string>
			<key>isa</key>
			<string>PBXFileReference</string>
			<key>lastKnownFileType</key>
			<string>sourcecode.c.h</string>
			<key>path</key>
			<string>DemoWindowController.h</string>
			<key>sourceTree</key>
			<string>&lt;group&gt;</string>
		</dict>
		<key>428363C318731A1800D2570F</key>
		<dict>
			<key>fileEncoding</key>
			<string>4</string>
			<key>isa</key>
			<string>PBXFileReference</string>
			<key>lastKnownFileType</key>
			<string>sourcecode.c.objc</string>
			<key>path</key>
			<string>DemoWindowController.m</string>
			<key>sourceTree</key>
			<string>&lt;group&gt;</string>
		</dict>
		<key>428363C418731A1800D2570F</key>
		<dict>
			<key>fileEncoding</key>
			<string>4</string>
			<key>isa</key>
			<string>PBXFileReference</string>
			<key>lastKnownFileType</key>
			<string>text.plist.xml</string>
			<key>path</key>
			<string>Demo-Info.plist</string>
			<key>sourceTree</key>
			<string>&lt;group&gt;</string>
		</dict>
		<key>428363C518731A1800D2570F</key>
		<dict>
			<key>fileRef</key>
			<string>428363BD18731A1800D2570F</string>
			<key>isa</key>
			<string>PBXBuildFile</string>
		</dict>
		<key>428363C618731A1800D2570F</key>
		<dict>
			<key>fileRef</key>
			<string>428363BF18731A1800D2570F</string>
			<key>isa</key>
			<string>PBXBuildFile</string>
		</dict>
		<key>428363C718731A1800D2570F</key>
		<dict>
			<key>fileRef</key>
			<string>428363C118731A1800D2570F</string>
			<key>isa</key>
			<string>PBXBuildFile</string>
		</dict>
		<key>428363C818731A1800D2570F</key>
		<dict>
			<key>fileRef</key>
			<string>428363C318731A1800D2570F</string>
			<key>isa</key>
			<string>PBXBuildFile</string>
		</dict>
		<key>429F2E971876793100D89B7B</key>
		<dict>
			<key>isa</key>
			<string>PBXFileReference</string>
			<key>lastKnownFileType</key>
			<string>image.png</string>
			<key>path</key>
			<string>largeImage.png</string>
			<key>sourceTree</key>
			<string>&lt;group&gt;</string>
		</dict>
		<key>429F2E981876793100D89B7B</key>
		<dict>
			<key>fileRef</key>
			<string>429F2E971876793100D89B7B</string>
			<key>isa</key>
			<string>PBXBuildFile</string>
		</dict>
		<key>45C52EE9BB014A0E9B6CD92A</key>
		<dict>
			<key>buildActionMask</key>
			<string>2147483647</string>
			<key>files</key>
			<array/>
			<key>inputPaths</key>
			<array/>
			<key>isa</key>
			<string>PBXShellScriptBuildPhase</string>
			<key>name</key>
			<string>Check Pods Manifest.lock</string>
			<key>outputPaths</key>
			<array/>
			<key>runOnlyForDeploymentPostprocessing</key>
			<string>0</string>
			<key>shellPath</key>
			<string>/bin/sh</string>
			<key>shellScript</key>
			<string>diff "${PODS_ROOT}/../Podfile.lock" "${PODS_ROOT}/Manifest.lock" &gt; /dev/null
if [[ $? != 0 ]] ; then
    cat &lt;&lt; EOM
error: The sandbox is not in sync with the Podfile.lock. Run 'pod install' or update your CocoaPods installation.
EOM
    exit 1
fi
</string>
			<key>showEnvVarsInLog</key>
			<string>0</string>
		</dict>
		<key>82837364C38B43B1B33B4274</key>
		<dict>
			<key>buildActionMask</key>
			<string>2147483647</string>
			<key>files</key>
			<array/>
			<key>inputPaths</key>
			<array/>
			<key>isa</key>
			<string>PBXShellScriptBuildPhase</string>
			<key>name</key>
			<string>Copy Pods Resources</string>
			<key>outputPaths</key>
			<array/>
			<key>runOnlyForDeploymentPostprocessing</key>
			<string>0</string>
			<key>shellPath</key>
			<string>/bin/sh</string>
			<key>shellScript</key>
			<string>"${SRCROOT}/Pods/Target Support Files/Pods-Demo/Pods-Demo-resources.sh"
</string>
			<key>showEnvVarsInLog</key>
			<string>0</string>
		</dict>
		<key>8BD439551185146A00DB4AC3</key>
		<dict>
			<key>children</key>
			<array>
				<string>428363C418731A1800D2570F</string>
				<string>428363BD18731A1800D2570F</string>
				<string>428363BE18731A1800D2570F</string>
				<string>428363BF18731A1800D2570F</string>
				<string>428363C018731A1800D2570F</string>
				<string>428363C118731A1800D2570F</string>
				<string>4235F99218731C8C00F7B45D</string>
				<string>428363C218731A1800D2570F</string>
				<string>428363C318731A1800D2570F</string>
				<string>429F2E971876793100D89B7B</string>
				<string>4235F99418731CC000F7B45D</string>
			</array>
			<key>isa</key>
			<string>PBXGroup</string>
			<key>path</key>
			<string>Demo</string>
			<key>sourceTree</key>
			<string>&lt;group&gt;</string>
		</dict>
		<key>8BD439561185147D00DB4AC3</key>
		<dict>
			<key>buildActionMask</key>
			<string>2147483647</string>
			<key>files</key>
			<array>
				<string>429F2E981876793100D89B7B</string>
				<string>4235F99318731C8C00F7B45D</string>
				<string>4235F99518731CC000F7B45D</string>
			</array>
			<key>isa</key>
			<string>PBXResourcesBuildPhase</string>
			<key>runOnlyForDeploymentPostprocessing</key>
			<string>0</string>
		</dict>
		<key>8BD439571185147D00DB4AC3</key>
		<dict>
			<key>buildActionMask</key>
			<string>2147483647</string>
			<key>files</key>
			<array>
				<string>428363C618731A1800D2570F</string>
				<string>428363C718731A1800D2570F</string>
				<string>428363C818731A1800D2570F</string>
				<string>428363C518731A1800D2570F</string>
			</array>
			<key>isa</key>
			<string>PBXSourcesBuildPhase</string>
			<key>runOnlyForDeploymentPostprocessing</key>
			<string>0</string>
		</dict>
		<key>8BD439581185147D00DB4AC3</key>
		<dict>
			<key>buildActionMask</key>
			<string>2147483647</string>
			<key>files</key>
			<array>
				<string>8BD43965118514A600DB4AC3</string>
				<string>E128A241B35E41CA82C66C74</string>
			</array>
			<key>isa</key>
			<string>PBXFrameworksBuildPhase</string>
			<key>runOnlyForDeploymentPostprocessing</key>
			<string>0</string>
		</dict>
		<key>8BD439591185147D00DB4AC3</key>
		<dict>
			<key>buildConfigurationList</key>
			<string>8BD4395F1185147E00DB4AC3</string>
			<key>buildPhases</key>
			<array>
				<string>45C52EE9BB014A0E9B6CD92A</string>
				<string>8BD439561185147D00DB4AC3</string>
				<string>8BD439571185147D00DB4AC3</string>
				<string>8BD439581185147D00DB4AC3</string>
				<string>8BD4396C118514BA00DB4AC3</string>
				<string>82837364C38B43B1B33B4274</string>
			</array>
			<key>buildRules</key>
			<array/>
			<key>dependencies</key>
			<array/>
			<key>isa</key>
			<string>PBXNativeTarget</string>
			<key>name</key>
			<string>Demo</string>
			<key>productName</key>
			<string>PSMTabBarControlDemo</string>
			<key>productReference</key>
			<string>8BD4395A1185147D00DB4AC3</string>
			<key>productType</key>
			<string>com.apple.product-type.application</string>
		</dict>
		<key>8BD4395A1185147D00DB4AC3</key>
		<dict>
			<key>explicitFileType</key>
			<string>wrapper.application</string>
			<key>includeInIndex</key>
			<string>0</string>
			<key>isa</key>
			<string>PBXFileReference</string>
			<key>path</key>
			<string>Demo.app</string>
			<key>sourceTree</key>
			<string>BUILT_PRODUCTS_DIR</string>
		</dict>
		<key>8BD4395D1185147E00DB4AC3</key>
		<dict>
			<key>baseConfigurationReference</key>
			<string>8FB4EE63FF59378FF249AFA4</string>
			<key>buildSettings</key>
			<dict>
				<key>CLANG_ENABLE_OBJC_ARC</key>
				<string>YES</string>
				<key>COMBINE_HIDPI_IMAGES</key>
				<string>YES</string>
				<key>INFOPLIST_FILE</key>
				<string>$(SRCROOT)/Demo/Demo-Info.plist</string>
				<key>PRODUCT_NAME</key>
				<string>Demo</string>
				<key>SDKROOT</key>
				<string>macosx</string>
			</dict>
			<key>isa</key>
			<string>XCBuildConfiguration</string>
			<key>name</key>
			<string>Debug</string>
		</dict>
		<key>8BD4395E1185147E00DB4AC3</key>
		<dict>
			<key>baseConfigurationReference</key>
			<string>DAA06171A393A9E5FC8DCA8A</string>
			<key>buildSettings</key>
			<dict>
				<key>CLANG_ENABLE_OBJC_ARC</key>
				<string>YES</string>
				<key>COMBINE_HIDPI_IMAGES</key>
				<string>YES</string>
				<key>INFOPLIST_FILE</key>
				<string>$(SRCROOT)/Demo/Demo-Info.plist</string>
				<key>PRODUCT_NAME</key>
				<string>Demo</string>
				<key>SDKROOT</key>
				<string>macosx</string>
			</dict>
			<key>isa</key>
			<string>XCBuildConfiguration</string>
			<key>name</key>
			<string>Release</string>
		</dict>
		<key>8BD4395F1185147E00DB4AC3</key>
		<dict>
			<key>buildConfigurations</key>
			<array>
				<string>8BD4395D1185147E00DB4AC3</string>
				<string>8BD4395E1185147E00DB4AC3</string>
			</array>
			<key>defaultConfigurationIsVisible</key>
			<string>0</string>
			<key>defaultConfigurationName</key>
			<string>Release</string>
			<key>isa</key>
			<string>XCConfigurationList</string>
		</dict>
		<key>8BD43965118514A600DB4AC3</key>
		<dict>
			<key>fileRef</key>
			<string>DD92D38A0106425D02CA0E72</string>
			<key>isa</key>
			<string>PBXBuildFile</string>
		</dict>
		<key>8BD4396C118514BA00DB4AC3</key>
		<dict>
			<key>buildActionMask</key>
			<string>2147483647</string>
			<key>dstPath</key>
			<string></string>
			<key>dstSubfolderSpec</key>
			<string>10</string>
			<key>files</key>
			<array/>
			<key>isa</key>
			<string>PBXCopyFilesBuildPhase</string>
			<key>name</key>
			<string>Copy Frameworks</string>
			<key>runOnlyForDeploymentPostprocessing</key>
			<string>0</string>
		</dict>
		<key>8FB4EE63FF59378FF249AFA4</key>
		<dict>
			<key>includeInIndex</key>
			<string>1</string>
			<key>isa</key>
			<string>PBXFileReference</string>
			<key>lastKnownFileType</key>
			<string>text.xcconfig</string>
			<key>name</key>
			<string>Pods-Demo.debug.xcconfig</string>
			<key>path</key>
			<string>Pods/Target Support Files/Pods-Demo/Pods-Demo.debug.xcconfig</string>
			<key>sourceTree</key>
			<string>&lt;group&gt;</string>
		</dict>
		<key>AB76F2CE738C2021D57293D5</key>
		<dict>
			<key>children</key>
			<array>
				<string>8FB4EE63FF59378FF249AFA4</string>
				<string>DAA06171A393A9E5FC8DCA8A</string>
			</array>
			<key>isa</key>
			<string>PBXGroup</string>
			<key>name</key>
			<string>Pods</string>
			<key>sourceTree</key>
			<string>&lt;group&gt;</string>
		</dict>
		<key>C056398B08A954F8003078D8</key>
		<dict>
			<key>buildConfigurations</key>
			<array>
				<string>C056398C08A954F8003078D8</string>
				<string>C056398D08A954F8003078D8</string>
			</array>
			<key>defaultConfigurationIsVisible</key>
			<string>0</string>
			<key>defaultConfigurationName</key>
			<string>Release</string>
			<key>isa</key>
			<string>XCConfigurationList</string>
		</dict>
		<key>C056398C08A954F8003078D8</key>
		<dict>
			<key>buildSettings</key>
			<dict>
				<key>ONLY_ACTIVE_ARCH</key>
				<string>YES</string>
			</dict>
			<key>isa</key>
			<string>XCBuildConfiguration</string>
			<key>name</key>
			<string>Debug</string>
		</dict>
		<key>C056398D08A954F8003078D8</key>
		<dict>
			<key>buildSettings</key>
			<dict/>
			<key>isa</key>
			<string>XCBuildConfiguration</string>
			<key>name</key>
			<string>Release</string>
		</dict>
		<key>C0D069550A49DF9100C95564</key>
		<dict>
			<key>isa</key>
			<string>PBXFileReference</string>
			<key>lastKnownFileType</key>
			<string>wrapper.framework</string>
			<key>name</key>
			<string>InterfaceBuilderKit.framework</string>
			<key>path</key>
			<string>/Developer/Library/Frameworks/InterfaceBuilderKit.framework</string>
			<key>sourceTree</key>
			<string>&lt;absolute&gt;</string>
		</dict>
		<key>DAA06171A393A9E5FC8DCA8A</key>
		<dict>
			<key>includeInIndex</key>
			<string>1</string>
			<key>isa</key>
			<string>PBXFileReference</string>
			<key>lastKnownFileType</key>
			<string>text.xcconfig</string>
			<key>name</key>
			<string>Pods-Demo.release.xcconfig</string>
			<key>path</key>
			<string>Pods/Target Support Files/Pods-Demo/Pods-Demo.release.xcconfig</string>
			<key>sourceTree</key>
			<string>&lt;group&gt;</string>
		</dict>
		<key>DD92D38A0106425D02CA0E72</key>
		<dict>
			<key>isa</key>
			<string>PBXFileReference</string>
			<key>lastKnownFileType</key>
			<string>wrapper.framework</string>
			<key>name</key>
			<string>Cocoa.framework</string>
			<key>path</key>
			<string>/System/Library/Frameworks/Cocoa.framework</string>
			<key>sourceTree</key>
			<string>&lt;absolute&gt;</string>
		</dict>
		<key>E128A241B35E41CA82C66C74</key>
		<dict>
			<key>fileRef</key>
			<string>3A4A80FA4849450FBEDD041B</string>
			<key>isa</key>
			<string>PBXBuildFile</string>
		</dict>
	</dict>
	<key>rootObject</key>
	<string>0259C573FE90428111CA0C5A</string>
</dict>
</plist>
