PODS:
  - newton-commander-tabbarcontrol (1.0.5)

DEPENDENCIES:
  - newton-commander-tabbarcontrol (from `../newton-commander-tabbarcontrol.podspec`)

EXTERNAL SOURCES:
  newton-commander-tabbarcontrol:
    :path: ../newton-commander-tabbarcontrol.podspec

SPEC CHECKSUMS:
  newton-commander-tabbarcontrol: 32d3ccdef79d77bf2d042bd2a2eb3911e6143b54

COCOAPODS: 0.34.4
